
Microsoft Visual Studio Solution File, Format Version 12.00
# Visual Studio 15
VisualStudioVersion = 15.0.26730.16
MinimumVisualStudioVersion = 10.0.40219.1
Project("{FAE04EC0-301F-11D3-BF4B-00C04F79EFBC}") = "DeepLinking.Caller.Android", "DeepLinking.Caller\DeepLinking.Caller.Android\DeepLinking.Caller.Android.csproj", "{3F3451FD-3F80-4E58-88D5-16D810D38EE5}"
EndProject
Project("{FAE04EC0-301F-11D3-BF4B-00C04F79EFBC}") = "DeepLinking.Caller", "DeepLinking.Caller\DeepLinking.Caller\DeepLinking.Caller.csproj", "{A883C204-A141-4A18-AD3B-2B65DE207479}"
EndProject
Project("{FAE04EC0-301F-11D3-BF4B-00C04F79EFBC}") = "DeepLinking.Caller.iOS", "DeepLinking.Caller\DeepLinking.Caller.iOS\DeepLinking.Caller.iOS.csproj", "{D3645114-4185-4F47-9115-AF455E50564F}"
EndProject
Project("{FAE04EC0-301F-11D3-BF4B-00C04F79EFBC}") = "DeepLinking.Core", "DeepLinking.Core\DeepLinking.Core.csproj", "{D626B6B1-4159-44A7-B2D7-FCDDB448B755}"
EndProject
Project("{2150E333-8FDC-42A3-9474-1A3956D46DE8}") = "Caller", "Caller", "{467D2695-D000-4912-84EA-85711D0F1DC0}"
EndProject
Project("{FAE04EC0-301F-11D3-BF4B-00C04F79EFBC}") = "DeepLinking.Handler.Android", "DeepLinking.Handler\DeepLinking.Handler.Android\DeepLinking.Handler.Android.csproj", "{D05D1518-3FA6-4EF1-911F-BEC3ABD733FB}"
EndProject
Project("{FAE04EC0-301F-11D3-BF4B-00C04F79EFBC}") = "DeepLinking.Handler", "DeepLinking.Handler\DeepLinking.Handler\DeepLinking.Handler.csproj", "{97E571AC-42D8-4746-A558-29FF2ED279D6}"
EndProject
Project("{FAE04EC0-301F-11D3-BF4B-00C04F79EFBC}") = "DeepLinking.Handler.iOS", "DeepLinking.Handler\DeepLinking.Handler.iOS\DeepLinking.Handler.iOS.csproj", "{3C6763BA-286C-4819-AAC9-A18D3BED510B}"
EndProject
Project("{2150E333-8FDC-42A3-9474-1A3956D46DE8}") = "Handler", "Handler", "{2A135586-C545-46B3-BF4B-F68D1440E800}"
EndProject
Global
	GlobalSection(SolutionConfigurationPlatforms) = preSolution
		Ad-Hoc|Any CPU = Ad-Hoc|Any CPU
		Ad-Hoc|ARM = Ad-Hoc|ARM
		Ad-Hoc|iPhone = Ad-Hoc|iPhone
		Ad-Hoc|iPhoneSimulator = Ad-Hoc|iPhoneSimulator
		Ad-Hoc|x64 = Ad-Hoc|x64
		Ad-Hoc|x86 = Ad-Hoc|x86
		AppStore|Any CPU = AppStore|Any CPU
		AppStore|ARM = AppStore|ARM
		AppStore|iPhone = AppStore|iPhone
		AppStore|iPhoneSimulator = AppStore|iPhoneSimulator
		AppStore|x64 = AppStore|x64
		AppStore|x86 = AppStore|x86
		Debug|Any CPU = Debug|Any CPU
		Debug|ARM = Debug|ARM
		Debug|iPhone = Debug|iPhone
		Debug|iPhoneSimulator = Debug|iPhoneSimulator
		Debug|x64 = Debug|x64
		Debug|x86 = Debug|x86
		Release|Any CPU = Release|Any CPU
		Release|ARM = Release|ARM
		Release|iPhone = Release|iPhone
		Release|iPhoneSimulator = Release|iPhoneSimulator
		Release|x64 = Release|x64
		Release|x86 = Release|x86
	EndGlobalSection
	GlobalSection(ProjectConfigurationPlatforms) = postSolution
		{3F3451FD-3F80-4E58-88D5-16D810D38EE5}.Ad-Hoc|Any CPU.ActiveCfg = Release|Any CPU
		{3F3451FD-3F80-4E58-88D5-16D810D38EE5}.Ad-Hoc|Any CPU.Build.0 = Release|Any CPU
		{3F3451FD-3F80-4E58-88D5-16D810D38EE5}.Ad-Hoc|Any CPU.Deploy.0 = Release|Any CPU
		{3F3451FD-3F80-4E58-88D5-16D810D38EE5}.Ad-Hoc|ARM.ActiveCfg = Release|Any CPU
		{3F3451FD-3F80-4E58-88D5-16D810D38EE5}.Ad-Hoc|ARM.Build.0 = Release|Any CPU
		{3F3451FD-3F80-4E58-88D5-16D810D38EE5}.Ad-Hoc|ARM.Deploy.0 = Release|Any CPU
		{3F3451FD-3F80-4E58-88D5-16D810D38EE5}.Ad-Hoc|iPhone.ActiveCfg = Release|Any CPU
		{3F3451FD-3F80-4E58-88D5-16D810D38EE5}.Ad-Hoc|iPhone.Build.0 = Release|Any CPU
		{3F3451FD-3F80-4E58-88D5-16D810D38EE5}.Ad-Hoc|iPhone.Deploy.0 = Release|Any CPU
		{3F3451FD-3F80-4E58-88D5-16D810D38EE5}.Ad-Hoc|iPhoneSimulator.ActiveCfg = Release|Any CPU
		{3F3451FD-3F80-4E58-88D5-16D810D38EE5}.Ad-Hoc|iPhoneSimulator.Build.0 = Release|Any CPU
		{3F3451FD-3F80-4E58-88D5-16D810D38EE5}.Ad-Hoc|iPhoneSimulator.Deploy.0 = Release|Any CPU
		{3F3451FD-3F80-4E58-88D5-16D810D38EE5}.Ad-Hoc|x64.ActiveCfg = Release|Any CPU
		{3F3451FD-3F80-4E58-88D5-16D810D38EE5}.Ad-Hoc|x64.Build.0 = Release|Any CPU
		{3F3451FD-3F80-4E58-88D5-16D810D38EE5}.Ad-Hoc|x64.Deploy.0 = Release|Any CPU
		{3F3451FD-3F80-4E58-88D5-16D810D38EE5}.Ad-Hoc|x86.ActiveCfg = Release|Any CPU
		{3F3451FD-3F80-4E58-88D5-16D810D38EE5}.Ad-Hoc|x86.Build.0 = Release|Any CPU
		{3F3451FD-3F80-4E58-88D5-16D810D38EE5}.Ad-Hoc|x86.Deploy.0 = Release|Any CPU
		{3F3451FD-3F80-4E58-88D5-16D810D38EE5}.AppStore|Any CPU.ActiveCfg = Release|Any CPU
		{3F3451FD-3F80-4E58-88D5-16D810D38EE5}.AppStore|Any CPU.Build.0 = Release|Any CPU
		{3F3451FD-3F80-4E58-88D5-16D810D38EE5}.AppStore|Any CPU.Deploy.0 = Release|Any CPU
		{3F3451FD-3F80-4E58-88D5-16D810D38EE5}.AppStore|ARM.ActiveCfg = Release|Any CPU
		{3F3451FD-3F80-4E58-88D5-16D810D38EE5}.AppStore|ARM.Build.0 = Release|Any CPU
		{3F3451FD-3F80-4E58-88D5-16D810D38EE5}.AppStore|ARM.Deploy.0 = Release|Any CPU
		{3F3451FD-3F80-4E58-88D5-16D810D38EE5}.AppStore|iPhone.ActiveCfg = Release|Any CPU
		{3F3451FD-3F80-4E58-88D5-16D810D38EE5}.AppStore|iPhone.Build.0 = Release|Any CPU
		{3F3451FD-3F80-4E58-88D5-16D810D38EE5}.AppStore|iPhone.Deploy.0 = Release|Any CPU
		{3F3451FD-3F80-4E58-88D5-16D810D38EE5}.AppStore|iPhoneSimulator.ActiveCfg = Release|Any CPU
		{3F3451FD-3F80-4E58-88D5-16D810D38EE5}.AppStore|iPhoneSimulator.Build.0 = Release|Any CPU
		{3F3451FD-3F80-4E58-88D5-16D810D38EE5}.AppStore|iPhoneSimulator.Deploy.0 = Release|Any CPU
		{3F3451FD-3F80-4E58-88D5-16D810D38EE5}.AppStore|x64.ActiveCfg = Release|Any CPU
		{3F3451FD-3F80-4E58-88D5-16D810D38EE5}.AppStore|x64.Build.0 = Release|Any CPU
		{3F3451FD-3F80-4E58-88D5-16D810D38EE5}.AppStore|x64.Deploy.0 = Release|Any CPU
		{3F3451FD-3F80-4E58-88D5-16D810D38EE5}.AppStore|x86.ActiveCfg = Release|Any CPU
		{3F3451FD-3F80-4E58-88D5-16D810D38EE5}.AppStore|x86.Build.0 = Release|Any CPU
		{3F3451FD-3F80-4E58-88D5-16D810D38EE5}.AppStore|x86.Deploy.0 = Release|Any CPU
		{3F3451FD-3F80-4E58-88D5-16D810D38EE5}.Debug|Any CPU.ActiveCfg = Debug|Any CPU
		{3F3451FD-3F80-4E58-88D5-16D810D38EE5}.Debug|Any CPU.Build.0 = Debug|Any CPU
		{3F3451FD-3F80-4E58-88D5-16D810D38EE5}.Debug|Any CPU.Deploy.0 = Debug|Any CPU
		{3F3451FD-3F80-4E58-88D5-16D810D38EE5}.Debug|ARM.ActiveCfg = Debug|Any CPU
		{3F3451FD-3F80-4E58-88D5-16D810D38EE5}.Debug|ARM.Build.0 = Debug|Any CPU
		{3F3451FD-3F80-4E58-88D5-16D810D38EE5}.Debug|ARM.Deploy.0 = Debug|Any CPU
		{3F3451FD-3F80-4E58-88D5-16D810D38EE5}.Debug|iPhone.ActiveCfg = Debug|Any CPU
		{3F3451FD-3F80-4E58-88D5-16D810D38EE5}.Debug|iPhone.Build.0 = Debug|Any CPU
		{3F3451FD-3F80-4E58-88D5-16D810D38EE5}.Debug|iPhone.Deploy.0 = Debug|Any CPU
		{3F3451FD-3F80-4E58-88D5-16D810D38EE5}.Debug|iPhoneSimulator.ActiveCfg = Debug|Any CPU
		{3F3451FD-3F80-4E58-88D5-16D810D38EE5}.Debug|iPhoneSimulator.Build.0 = Debug|Any CPU
		{3F3451FD-3F80-4E58-88D5-16D810D38EE5}.Debug|iPhoneSimulator.Deploy.0 = Debug|Any CPU
		{3F3451FD-3F80-4E58-88D5-16D810D38EE5}.Debug|x64.ActiveCfg = Debug|Any CPU
		{3F3451FD-3F80-4E58-88D5-16D810D38EE5}.Debug|x64.Build.0 = Debug|Any CPU
		{3F3451FD-3F80-4E58-88D5-16D810D38EE5}.Debug|x64.Deploy.0 = Debug|Any CPU
		{3F3451FD-3F80-4E58-88D5-16D810D38EE5}.Debug|x86.ActiveCfg = Debug|Any CPU
		{3F3451FD-3F80-4E58-88D5-16D810D38EE5}.Debug|x86.Build.0 = Debug|Any CPU
		{3F3451FD-3F80-4E58-88D5-16D810D38EE5}.Debug|x86.Deploy.0 = Debug|Any CPU
		{3F3451FD-3F80-4E58-88D5-16D810D38EE5}.Release|Any CPU.ActiveCfg = Release|Any CPU
		{3F3451FD-3F80-4E58-88D5-16D810D38EE5}.Release|Any CPU.Build.0 = Release|Any CPU
		{3F3451FD-3F80-4E58-88D5-16D810D38EE5}.Release|Any CPU.Deploy.0 = Release|Any CPU
		{3F3451FD-3F80-4E58-88D5-16D810D38EE5}.Release|ARM.ActiveCfg = Release|Any CPU
		{3F3451FD-3F80-4E58-88D5-16D810D38EE5}.Release|ARM.Build.0 = Release|Any CPU
		{3F3451FD-3F80-4E58-88D5-16D810D38EE5}.Release|ARM.Deploy.0 = Release|Any CPU
		{3F3451FD-3F80-4E58-88D5-16D810D38EE5}.Release|iPhone.ActiveCfg = Release|Any CPU
		{3F3451FD-3F80-4E58-88D5-16D810D38EE5}.Release|iPhone.Build.0 = Release|Any CPU
		{3F3451FD-3F80-4E58-88D5-16D810D38EE5}.Release|iPhone.Deploy.0 = Release|Any CPU
		{3F3451FD-3F80-4E58-88D5-16D810D38EE5}.Release|iPhoneSimulator.ActiveCfg = Release|Any CPU
		{3F3451FD-3F80-4E58-88D5-16D810D38EE5}.Release|iPhoneSimulator.Build.0 = Release|Any CPU
		{3F3451FD-3F80-4E58-88D5-16D810D38EE5}.Release|iPhoneSimulator.Deploy.0 = Release|Any CPU
		{3F3451FD-3F80-4E58-88D5-16D810D38EE5}.Release|x64.ActiveCfg = Release|Any CPU
		{3F3451FD-3F80-4E58-88D5-16D810D38EE5}.Release|x64.Build.0 = Release|Any CPU
		{3F3451FD-3F80-4E58-88D5-16D810D38EE5}.Release|x64.Deploy.0 = Release|Any CPU
		{3F3451FD-3F80-4E58-88D5-16D810D38EE5}.Release|x86.ActiveCfg = Release|Any CPU
		{3F3451FD-3F80-4E58-88D5-16D810D38EE5}.Release|x86.Build.0 = Release|Any CPU
		{3F3451FD-3F80-4E58-88D5-16D810D38EE5}.Release|x86.Deploy.0 = Release|Any CPU
		{A883C204-A141-4A18-AD3B-2B65DE207479}.Ad-Hoc|Any CPU.ActiveCfg = Release|Any CPU
		{A883C204-A141-4A18-AD3B-2B65DE207479}.Ad-Hoc|Any CPU.Build.0 = Release|Any CPU
		{A883C204-A141-4A18-AD3B-2B65DE207479}.Ad-Hoc|ARM.ActiveCfg = Release|Any CPU
		{A883C204-A141-4A18-AD3B-2B65DE207479}.Ad-Hoc|ARM.Build.0 = Release|Any CPU
		{A883C204-A141-4A18-AD3B-2B65DE207479}.Ad-Hoc|iPhone.ActiveCfg = Release|Any CPU
		{A883C204-A141-4A18-AD3B-2B65DE207479}.Ad-Hoc|iPhone.Build.0 = Release|Any CPU
		{A883C204-A141-4A18-AD3B-2B65DE207479}.Ad-Hoc|iPhoneSimulator.ActiveCfg = Release|Any CPU
		{A883C204-A141-4A18-AD3B-2B65DE207479}.Ad-Hoc|iPhoneSimulator.Build.0 = Release|Any CPU
		{A883C204-A141-4A18-AD3B-2B65DE207479}.Ad-Hoc|x64.ActiveCfg = Release|Any CPU
		{A883C204-A141-4A18-AD3B-2B65DE207479}.Ad-Hoc|x64.Build.0 = Release|Any CPU
		{A883C204-A141-4A18-AD3B-2B65DE207479}.Ad-Hoc|x86.ActiveCfg = Release|Any CPU
		{A883C204-A141-4A18-AD3B-2B65DE207479}.Ad-Hoc|x86.Build.0 = Release|Any CPU
		{A883C204-A141-4A18-AD3B-2B65DE207479}.AppStore|Any CPU.ActiveCfg = Release|Any CPU
		{A883C204-A141-4A18-AD3B-2B65DE207479}.AppStore|Any CPU.Build.0 = Release|Any CPU
		{A883C204-A141-4A18-AD3B-2B65DE207479}.AppStore|ARM.ActiveCfg = Release|Any CPU
		{A883C204-A141-4A18-AD3B-2B65DE207479}.AppStore|ARM.Build.0 = Release|Any CPU
		{A883C204-A141-4A18-AD3B-2B65DE207479}.AppStore|iPhone.ActiveCfg = Release|Any CPU
		{A883C204-A141-4A18-AD3B-2B65DE207479}.AppStore|iPhone.Build.0 = Release|Any CPU
		{A883C204-A141-4A18-AD3B-2B65DE207479}.AppStore|iPhoneSimulator.ActiveCfg = Release|Any CPU
		{A883C204-A141-4A18-AD3B-2B65DE207479}.AppStore|iPhoneSimulator.Build.0 = Release|Any CPU
		{A883C204-A141-4A18-AD3B-2B65DE207479}.AppStore|x64.ActiveCfg = Release|Any CPU
		{A883C204-A141-4A18-AD3B-2B65DE207479}.AppStore|x64.Build.0 = Release|Any CPU
		{A883C204-A141-4A18-AD3B-2B65DE207479}.AppStore|x86.ActiveCfg = Release|Any CPU
		{A883C204-A141-4A18-AD3B-2B65DE207479}.AppStore|x86.Build.0 = Release|Any CPU
		{A883C204-A141-4A18-AD3B-2B65DE207479}.Debug|Any CPU.ActiveCfg = Debug|Any CPU
		{A883C204-A141-4A18-AD3B-2B65DE207479}.Debug|Any CPU.Build.0 = Debug|Any CPU
		{A883C204-A141-4A18-AD3B-2B65DE207479}.Debug|ARM.ActiveCfg = Debug|Any CPU
		{A883C204-A141-4A18-AD3B-2B65DE207479}.Debug|ARM.Build.0 = Debug|Any CPU
		{A883C204-A141-4A18-AD3B-2B65DE207479}.Debug|iPhone.ActiveCfg = Debug|Any CPU
		{A883C204-A141-4A18-AD3B-2B65DE207479}.Debug|iPhone.Build.0 = Debug|Any CPU
		{A883C204-A141-4A18-AD3B-2B65DE207479}.Debug|iPhoneSimulator.ActiveCfg = Debug|Any CPU
		{A883C204-A141-4A18-AD3B-2B65DE207479}.Debug|iPhoneSimulator.Build.0 = Debug|Any CPU
		{A883C204-A141-4A18-AD3B-2B65DE207479}.Debug|x64.ActiveCfg = Debug|Any CPU
		{A883C204-A141-4A18-AD3B-2B65DE207479}.Debug|x64.Build.0 = Debug|Any CPU
		{A883C204-A141-4A18-AD3B-2B65DE207479}.Debug|x86.ActiveCfg = Debug|Any CPU
		{A883C204-A141-4A18-AD3B-2B65DE207479}.Debug|x86.Build.0 = Debug|Any CPU
		{A883C204-A141-4A18-AD3B-2B65DE207479}.Release|Any CPU.ActiveCfg = Release|Any CPU
		{A883C204-A141-4A18-AD3B-2B65DE207479}.Release|Any CPU.Build.0 = Release|Any CPU
		{A883C204-A141-4A18-AD3B-2B65DE207479}.Release|ARM.ActiveCfg = Release|Any CPU
		{A883C204-A141-4A18-AD3B-2B65DE207479}.Release|ARM.Build.0 = Release|Any CPU
		{A883C204-A141-4A18-AD3B-2B65DE207479}.Release|iPhone.ActiveCfg = Release|Any CPU
		{A883C204-A141-4A18-AD3B-2B65DE207479}.Release|iPhone.Build.0 = Release|Any CPU
		{A883C204-A141-4A18-AD3B-2B65DE207479}.Release|iPhoneSimulator.ActiveCfg = Release|Any CPU
		{A883C204-A141-4A18-AD3B-2B65DE207479}.Release|iPhoneSimulator.Build.0 = Release|Any CPU
		{A883C204-A141-4A18-AD3B-2B65DE207479}.Release|x64.ActiveCfg = Release|Any CPU
		{A883C204-A141-4A18-AD3B-2B65DE207479}.Release|x64.Build.0 = Release|Any CPU
		{A883C204-A141-4A18-AD3B-2B65DE207479}.Release|x86.ActiveCfg = Release|Any CPU
		{A883C204-A141-4A18-AD3B-2B65DE207479}.Release|x86.Build.0 = Release|Any CPU
		{D3645114-4185-4F47-9115-AF455E50564F}.Ad-Hoc|Any CPU.ActiveCfg = Ad-Hoc|iPhone
		{D3645114-4185-4F47-9115-AF455E50564F}.Ad-Hoc|ARM.ActiveCfg = Ad-Hoc|iPhone
		{D3645114-4185-4F47-9115-AF455E50564F}.Ad-Hoc|iPhone.ActiveCfg = Ad-Hoc|iPhone
		{D3645114-4185-4F47-9115-AF455E50564F}.Ad-Hoc|iPhone.Build.0 = Ad-Hoc|iPhone
		{D3645114-4185-4F47-9115-AF455E50564F}.Ad-Hoc|iPhoneSimulator.ActiveCfg = Ad-Hoc|iPhoneSimulator
		{D3645114-4185-4F47-9115-AF455E50564F}.Ad-Hoc|iPhoneSimulator.Build.0 = Ad-Hoc|iPhoneSimulator
		{D3645114-4185-4F47-9115-AF455E50564F}.Ad-Hoc|x64.ActiveCfg = Ad-Hoc|iPhone
		{D3645114-4185-4F47-9115-AF455E50564F}.Ad-Hoc|x86.ActiveCfg = Ad-Hoc|iPhone
		{D3645114-4185-4F47-9115-AF455E50564F}.AppStore|Any CPU.ActiveCfg = AppStore|iPhone
		{D3645114-4185-4F47-9115-AF455E50564F}.AppStore|ARM.ActiveCfg = AppStore|iPhone
		{D3645114-4185-4F47-9115-AF455E50564F}.AppStore|iPhone.ActiveCfg = AppStore|iPhone
		{D3645114-4185-4F47-9115-AF455E50564F}.AppStore|iPhone.Build.0 = AppStore|iPhone
		{D3645114-4185-4F47-9115-AF455E50564F}.AppStore|iPhoneSimulator.ActiveCfg = AppStore|iPhoneSimulator
		{D3645114-4185-4F47-9115-AF455E50564F}.AppStore|iPhoneSimulator.Build.0 = AppStore|iPhoneSimulator
		{D3645114-4185-4F47-9115-AF455E50564F}.AppStore|x64.ActiveCfg = AppStore|iPhone
		{D3645114-4185-4F47-9115-AF455E50564F}.AppStore|x86.ActiveCfg = AppStore|iPhone
		{D3645114-4185-4F47-9115-AF455E50564F}.Debug|Any CPU.ActiveCfg = Debug|iPhone
		{D3645114-4185-4F47-9115-AF455E50564F}.Debug|Any CPU.Build.0 = Debug|iPhone
		{D3645114-4185-4F47-9115-AF455E50564F}.Debug|ARM.ActiveCfg = Debug|iPhone
		{D3645114-4185-4F47-9115-AF455E50564F}.Debug|iPhone.ActiveCfg = Debug|iPhone
		{D3645114-4185-4F47-9115-AF455E50564F}.Debug|iPhone.Build.0 = Debug|iPhone
		{D3645114-4185-4F47-9115-AF455E50564F}.Debug|iPhoneSimulator.ActiveCfg = Debug|iPhoneSimulator
		{D3645114-4185-4F47-9115-AF455E50564F}.Debug|iPhoneSimulator.Build.0 = Debug|iPhoneSimulator
		{D3645114-4185-4F47-9115-AF455E50564F}.Debug|x64.ActiveCfg = Debug|iPhone
		{D3645114-4185-4F47-9115-AF455E50564F}.Debug|x86.ActiveCfg = Debug|iPhone
		{D3645114-4185-4F47-9115-AF455E50564F}.Release|Any CPU.ActiveCfg = Release|iPhone
		{D3645114-4185-4F47-9115-AF455E50564F}.Release|ARM.ActiveCfg = Release|iPhone
		{D3645114-4185-4F47-9115-AF455E50564F}.Release|iPhone.ActiveCfg = Release|iPhone
		{D3645114-4185-4F47-9115-AF455E50564F}.Release|iPhone.Build.0 = Release|iPhone
		{D3645114-4185-4F47-9115-AF455E50564F}.Release|iPhoneSimulator.ActiveCfg = Release|iPhoneSimulator
		{D3645114-4185-4F47-9115-AF455E50564F}.Release|iPhoneSimulator.Build.0 = Release|iPhoneSimulator
		{D3645114-4185-4F47-9115-AF455E50564F}.Release|x64.ActiveCfg = Release|iPhone
		{D3645114-4185-4F47-9115-AF455E50564F}.Release|x86.ActiveCfg = Release|iPhone
		{D626B6B1-4159-44A7-B2D7-FCDDB448B755}.Ad-Hoc|Any CPU.ActiveCfg = Release|Any CPU
		{D626B6B1-4159-44A7-B2D7-FCDDB448B755}.Ad-Hoc|Any CPU.Build.0 = Release|Any CPU
		{D626B6B1-4159-44A7-B2D7-FCDDB448B755}.Ad-Hoc|ARM.ActiveCfg = Release|Any CPU
		{D626B6B1-4159-44A7-B2D7-FCDDB448B755}.Ad-Hoc|ARM.Build.0 = Release|Any CPU
		{D626B6B1-4159-44A7-B2D7-FCDDB448B755}.Ad-Hoc|iPhone.ActiveCfg = Release|Any CPU
		{D626B6B1-4159-44A7-B2D7-FCDDB448B755}.Ad-Hoc|iPhone.Build.0 = Release|Any CPU
		{D626B6B1-4159-44A7-B2D7-FCDDB448B755}.Ad-Hoc|iPhoneSimulator.ActiveCfg = Release|Any CPU
		{D626B6B1-4159-44A7-B2D7-FCDDB448B755}.Ad-Hoc|iPhoneSimulator.Build.0 = Release|Any CPU
		{D626B6B1-4159-44A7-B2D7-FCDDB448B755}.Ad-Hoc|x64.ActiveCfg = Release|Any CPU
		{D626B6B1-4159-44A7-B2D7-FCDDB448B755}.Ad-Hoc|x64.Build.0 = Release|Any CPU
		{D626B6B1-4159-44A7-B2D7-FCDDB448B755}.Ad-Hoc|x86.ActiveCfg = Release|Any CPU
		{D626B6B1-4159-44A7-B2D7-FCDDB448B755}.Ad-Hoc|x86.Build.0 = Release|Any CPU
		{D626B6B1-4159-44A7-B2D7-FCDDB448B755}.AppStore|Any CPU.ActiveCfg = Release|Any CPU
		{D626B6B1-4159-44A7-B2D7-FCDDB448B755}.AppStore|Any CPU.Build.0 = Release|Any CPU
		{D626B6B1-4159-44A7-B2D7-FCDDB448B755}.AppStore|ARM.ActiveCfg = Release|Any CPU
		{D626B6B1-4159-44A7-B2D7-FCDDB448B755}.AppStore|ARM.Build.0 = Release|Any CPU
		{D626B6B1-4159-44A7-B2D7-FCDDB448B755}.AppStore|iPhone.ActiveCfg = Release|Any CPU
		{D626B6B1-4159-44A7-B2D7-FCDDB448B755}.AppStore|iPhone.Build.0 = Release|Any CPU
		{D626B6B1-4159-44A7-B2D7-FCDDB448B755}.AppStore|iPhoneSimulator.ActiveCfg = Release|Any CPU
		{D626B6B1-4159-44A7-B2D7-FCDDB448B755}.AppStore|iPhoneSimulator.Build.0 = Release|Any CPU
		{D626B6B1-4159-44A7-B2D7-FCDDB448B755}.AppStore|x64.ActiveCfg = Release|Any CPU
		{D626B6B1-4159-44A7-B2D7-FCDDB448B755}.AppStore|x64.Build.0 = Release|Any CPU
		{D626B6B1-4159-44A7-B2D7-FCDDB448B755}.AppStore|x86.ActiveCfg = Release|Any CPU
		{D626B6B1-4159-44A7-B2D7-FCDDB448B755}.AppStore|x86.Build.0 = Release|Any CPU
		{D626B6B1-4159-44A7-B2D7-FCDDB448B755}.Debug|Any CPU.ActiveCfg = Debug|Any CPU
		{D626B6B1-4159-44A7-B2D7-FCDDB448B755}.Debug|Any CPU.Build.0 = Debug|Any CPU
		{D626B6B1-4159-44A7-B2D7-FCDDB448B755}.Debug|ARM.ActiveCfg = Debug|Any CPU
		{D626B6B1-4159-44A7-B2D7-FCDDB448B755}.Debug|ARM.Build.0 = Debug|Any CPU
		{D626B6B1-4159-44A7-B2D7-FCDDB448B755}.Debug|iPhone.ActiveCfg = Debug|Any CPU
		{D626B6B1-4159-44A7-B2D7-FCDDB448B755}.Debug|iPhone.Build.0 = Debug|Any CPU
		{D626B6B1-4159-44A7-B2D7-FCDDB448B755}.Debug|iPhoneSimulator.ActiveCfg = Debug|Any CPU
		{D626B6B1-4159-44A7-B2D7-FCDDB448B755}.Debug|iPhoneSimulator.Build.0 = Debug|Any CPU
		{D626B6B1-4159-44A7-B2D7-FCDDB448B755}.Debug|x64.ActiveCfg = Debug|Any CPU
		{D626B6B1-4159-44A7-B2D7-FCDDB448B755}.Debug|x64.Build.0 = Debug|Any CPU
		{D626B6B1-4159-44A7-B2D7-FCDDB448B755}.Debug|x86.ActiveCfg = Debug|Any CPU
		{D626B6B1-4159-44A7-B2D7-FCDDB448B755}.Debug|x86.Build.0 = Debug|Any CPU
		{D626B6B1-4159-44A7-B2D7-FCDDB448B755}.Release|Any CPU.ActiveCfg = Release|Any CPU
		{D626B6B1-4159-44A7-B2D7-FCDDB448B755}.Release|Any CPU.Build.0 = Release|Any CPU
		{D626B6B1-4159-44A7-B2D7-FCDDB448B755}.Release|ARM.ActiveCfg = Release|Any CPU
		{D626B6B1-4159-44A7-B2D7-FCDDB448B755}.Release|ARM.Build.0 = Release|Any CPU
		{D626B6B1-4159-44A7-B2D7-FCDDB448B755}.Release|iPhone.ActiveCfg = Release|Any CPU
		{D626B6B1-4159-44A7-B2D7-FCDDB448B755}.Release|iPhone.Build.0 = Release|Any CPU
		{D626B6B1-4159-44A7-B2D7-FCDDB448B755}.Release|iPhoneSimulator.ActiveCfg = Release|Any CPU
		{D626B6B1-4159-44A7-B2D7-FCDDB448B755}.Release|iPhoneSimulator.Build.0 = Release|Any CPU
		{D626B6B1-4159-44A7-B2D7-FCDDB448B755}.Release|x64.ActiveCfg = Release|Any CPU
		{D626B6B1-4159-44A7-B2D7-FCDDB448B755}.Release|x64.Build.0 = Release|Any CPU
		{D626B6B1-4159-44A7-B2D7-FCDDB448B755}.Release|x86.ActiveCfg = Release|Any CPU
		{D626B6B1-4159-44A7-B2D7-FCDDB448B755}.Release|x86.Build.0 = Release|Any CPU
		{D05D1518-3FA6-4EF1-911F-BEC3ABD733FB}.Ad-Hoc|Any CPU.ActiveCfg = Release|Any CPU
		{D05D1518-3FA6-4EF1-911F-BEC3ABD733FB}.Ad-Hoc|Any CPU.Build.0 = Release|Any CPU
		{D05D1518-3FA6-4EF1-911F-BEC3ABD733FB}.Ad-Hoc|Any CPU.Deploy.0 = Release|Any CPU
		{D05D1518-3FA6-4EF1-911F-BEC3ABD733FB}.Ad-Hoc|ARM.ActiveCfg = Release|Any CPU
		{D05D1518-3FA6-4EF1-911F-BEC3ABD733FB}.Ad-Hoc|ARM.Build.0 = Release|Any CPU
		{D05D1518-3FA6-4EF1-911F-BEC3ABD733FB}.Ad-Hoc|ARM.Deploy.0 = Release|Any CPU
		{D05D1518-3FA6-4EF1-911F-BEC3ABD733FB}.Ad-Hoc|iPhone.ActiveCfg = Release|Any CPU
		{D05D1518-3FA6-4EF1-911F-BEC3ABD733FB}.Ad-Hoc|iPhone.Build.0 = Release|Any CPU
		{D05D1518-3FA6-4EF1-911F-BEC3ABD733FB}.Ad-Hoc|iPhone.Deploy.0 = Release|Any CPU
		{D05D1518-3FA6-4EF1-911F-BEC3ABD733FB}.Ad-Hoc|iPhoneSimulator.ActiveCfg = Release|Any CPU
		{D05D1518-3FA6-4EF1-911F-BEC3ABD733FB}.Ad-Hoc|iPhoneSimulator.Build.0 = Release|Any CPU
		{D05D1518-3FA6-4EF1-911F-BEC3ABD733FB}.Ad-Hoc|iPhoneSimulator.Deploy.0 = Release|Any CPU
		{D05D1518-3FA6-4EF1-911F-BEC3ABD733FB}.Ad-Hoc|x64.ActiveCfg = Release|Any CPU
		{D05D1518-3FA6-4EF1-911F-BEC3ABD733FB}.Ad-Hoc|x64.Build.0 = Release|Any CPU
		{D05D1518-3FA6-4EF1-911F-BEC3ABD733FB}.Ad-Hoc|x64.Deploy.0 = Release|Any CPU
		{D05D1518-3FA6-4EF1-911F-BEC3ABD733FB}.Ad-Hoc|x86.ActiveCfg = Release|Any CPU
		{D05D1518-3FA6-4EF1-911F-BEC3ABD733FB}.Ad-Hoc|x86.Build.0 = Release|Any CPU
		{D05D1518-3FA6-4EF1-911F-BEC3ABD733FB}.Ad-Hoc|x86.Deploy.0 = Release|Any CPU
		{D05D1518-3FA6-4EF1-911F-BEC3ABD733FB}.AppStore|Any CPU.ActiveCfg = Release|Any CPU
		{D05D1518-3FA6-4EF1-911F-BEC3ABD733FB}.AppStore|Any CPU.Build.0 = Release|Any CPU
		{D05D1518-3FA6-4EF1-911F-BEC3ABD733FB}.AppStore|Any CPU.Deploy.0 = Release|Any CPU
		{D05D1518-3FA6-4EF1-911F-BEC3ABD733FB}.AppStore|ARM.ActiveCfg = Release|Any CPU
		{D05D1518-3FA6-4EF1-911F-BEC3ABD733FB}.AppStore|ARM.Build.0 = Release|Any CPU
		{D05D1518-3FA6-4EF1-911F-BEC3ABD733FB}.AppStore|ARM.Deploy.0 = Release|Any CPU
		{D05D1518-3FA6-4EF1-911F-BEC3ABD733FB}.AppStore|iPhone.ActiveCfg = Release|Any CPU
		{D05D1518-3FA6-4EF1-911F-BEC3ABD733FB}.AppStore|iPhone.Build.0 = Release|Any CPU
		{D05D1518-3FA6-4EF1-911F-BEC3ABD733FB}.AppStore|iPhone.Deploy.0 = Release|Any CPU
		{D05D1518-3FA6-4EF1-911F-BEC3ABD733FB}.AppStore|iPhoneSimulator.ActiveCfg = Release|Any CPU
		{D05D1518-3FA6-4EF1-911F-BEC3ABD733FB}.AppStore|iPhoneSimulator.Build.0 = Release|Any CPU
		{D05D1518-3FA6-4EF1-911F-BEC3ABD733FB}.AppStore|iPhoneSimulator.Deploy.0 = Release|Any CPU
		{D05D1518-3FA6-4EF1-911F-BEC3ABD733FB}.AppStore|x64.ActiveCfg = Release|Any CPU
		{D05D1518-3FA6-4EF1-911F-BEC3ABD733FB}.AppStore|x64.Build.0 = Release|Any CPU
		{D05D1518-3FA6-4EF1-911F-BEC3ABD733FB}.AppStore|x64.Deploy.0 = Release|Any CPU
		{D05D1518-3FA6-4EF1-911F-BEC3ABD733FB}.AppStore|x86.ActiveCfg = Release|Any CPU
		{D05D1518-3FA6-4EF1-911F-BEC3ABD733FB}.AppStore|x86.Build.0 = Release|Any CPU
		{D05D1518-3FA6-4EF1-911F-BEC3ABD733FB}.AppStore|x86.Deploy.0 = Release|Any CPU
		{D05D1518-3FA6-4EF1-911F-BEC3ABD733FB}.Debug|Any CPU.ActiveCfg = Debug|Any CPU
		{D05D1518-3FA6-4EF1-911F-BEC3ABD733FB}.Debug|Any CPU.Build.0 = Debug|Any CPU
		{D05D1518-3FA6-4EF1-911F-BEC3ABD733FB}.Debug|Any CPU.Deploy.0 = Debug|Any CPU
		{D05D1518-3FA6-4EF1-911F-BEC3ABD733FB}.Debug|ARM.ActiveCfg = Debug|Any CPU
		{D05D1518-3FA6-4EF1-911F-BEC3ABD733FB}.Debug|ARM.Build.0 = Debug|Any CPU
		{D05D1518-3FA6-4EF1-911F-BEC3ABD733FB}.Debug|ARM.Deploy.0 = Debug|Any CPU
		{D05D1518-3FA6-4EF1-911F-BEC3ABD733FB}.Debug|iPhone.ActiveCfg = Debug|Any CPU
		{D05D1518-3FA6-4EF1-911F-BEC3ABD733FB}.Debug|iPhone.Build.0 = Debug|Any CPU
		{D05D1518-3FA6-4EF1-911F-BEC3ABD733FB}.Debug|iPhone.Deploy.0 = Debug|Any CPU
		{D05D1518-3FA6-4EF1-911F-BEC3ABD733FB}.Debug|iPhoneSimulator.ActiveCfg = Debug|Any CPU
		{D05D1518-3FA6-4EF1-911F-BEC3ABD733FB}.Debug|iPhoneSimulator.Build.0 = Debug|Any CPU
		{D05D1518-3FA6-4EF1-911F-BEC3ABD733FB}.Debug|iPhoneSimulator.Deploy.0 = Debug|Any CPU
		{D05D1518-3FA6-4EF1-911F-BEC3ABD733FB}.Debug|x64.ActiveCfg = Debug|Any CPU
		{D05D1518-3FA6-4EF1-911F-BEC3ABD733FB}.Debug|x64.Build.0 = Debug|Any CPU
		{D05D1518-3FA6-4EF1-911F-BEC3ABD733FB}.Debug|x64.Deploy.0 = Debug|Any CPU
		{D05D1518-3FA6-4EF1-911F-BEC3ABD733FB}.Debug|x86.ActiveCfg = Debug|Any CPU
		{D05D1518-3FA6-4EF1-911F-BEC3ABD733FB}.Debug|x86.Build.0 = Debug|Any CPU
		{D05D1518-3FA6-4EF1-911F-BEC3ABD733FB}.Debug|x86.Deploy.0 = Debug|Any CPU
		{D05D1518-3FA6-4EF1-911F-BEC3ABD733FB}.Release|Any CPU.ActiveCfg = Release|Any CPU
		{D05D1518-3FA6-4EF1-911F-BEC3ABD733FB}.Release|Any CPU.Build.0 = Release|Any CPU
		{D05D1518-3FA6-4EF1-911F-BEC3ABD733FB}.Release|Any CPU.Deploy.0 = Release|Any CPU
		{D05D1518-3FA6-4EF1-911F-BEC3ABD733FB}.Release|ARM.ActiveCfg = Release|Any CPU
		{D05D1518-3FA6-4EF1-911F-BEC3ABD733FB}.Release|ARM.Build.0 = Release|Any CPU
		{D05D1518-3FA6-4EF1-911F-BEC3ABD733FB}.Release|ARM.Deploy.0 = Release|Any CPU
		{D05D1518-3FA6-4EF1-911F-BEC3ABD733FB}.Release|iPhone.ActiveCfg = Release|Any CPU
		{D05D1518-3FA6-4EF1-911F-BEC3ABD733FB}.Release|iPhone.Build.0 = Release|Any CPU
		{D05D1518-3FA6-4EF1-911F-BEC3ABD733FB}.Release|iPhone.Deploy.0 = Release|Any CPU
		{D05D1518-3FA6-4EF1-911F-BEC3ABD733FB}.Release|iPhoneSimulator.ActiveCfg = Release|Any CPU
		{D05D1518-3FA6-4EF1-911F-BEC3ABD733FB}.Release|iPhoneSimulator.Build.0 = Release|Any CPU
		{D05D1518-3FA6-4EF1-911F-BEC3ABD733FB}.Release|iPhoneSimulator.Deploy.0 = Release|Any CPU
		{D05D1518-3FA6-4EF1-911F-BEC3ABD733FB}.Release|x64.ActiveCfg = Release|Any CPU
		{D05D1518-3FA6-4EF1-911F-BEC3ABD733FB}.Release|x64.Build.0 = Release|Any CPU
		{D05D1518-3FA6-4EF1-911F-BEC3ABD733FB}.Release|x64.Deploy.0 = Release|Any CPU
		{D05D1518-3FA6-4EF1-911F-BEC3ABD733FB}.Release|x86.ActiveCfg = Release|Any CPU
		{D05D1518-3FA6-4EF1-911F-BEC3ABD733FB}.Release|x86.Build.0 = Release|Any CPU
		{D05D1518-3FA6-4EF1-911F-BEC3ABD733FB}.Release|x86.Deploy.0 = Release|Any CPU
		{97E571AC-42D8-4746-A558-29FF2ED279D6}.Ad-Hoc|Any CPU.ActiveCfg = Release|Any CPU
		{97E571AC-42D8-4746-A558-29FF2ED279D6}.Ad-Hoc|Any CPU.Build.0 = Release|Any CPU
		{97E571AC-42D8-4746-A558-29FF2ED279D6}.Ad-Hoc|ARM.ActiveCfg = Release|Any CPU
		{97E571AC-42D8-4746-A558-29FF2ED279D6}.Ad-Hoc|ARM.Build.0 = Release|Any CPU
		{97E571AC-42D8-4746-A558-29FF2ED279D6}.Ad-Hoc|iPhone.ActiveCfg = Release|Any CPU
		{97E571AC-42D8-4746-A558-29FF2ED279D6}.Ad-Hoc|iPhone.Build.0 = Release|Any CPU
		{97E571AC-42D8-4746-A558-29FF2ED279D6}.Ad-Hoc|iPhoneSimulator.ActiveCfg = Release|Any CPU
		{97E571AC-42D8-4746-A558-29FF2ED279D6}.Ad-Hoc|iPhoneSimulator.Build.0 = Release|Any CPU
		{97E571AC-42D8-4746-A558-29FF2ED279D6}.Ad-Hoc|x64.ActiveCfg = Release|Any CPU
		{97E571AC-42D8-4746-A558-29FF2ED279D6}.Ad-Hoc|x64.Build.0 = Release|Any CPU
		{97E571AC-42D8-4746-A558-29FF2ED279D6}.Ad-Hoc|x86.ActiveCfg = Release|Any CPU
		{97E571AC-42D8-4746-A558-29FF2ED279D6}.Ad-Hoc|x86.Build.0 = Release|Any CPU
		{97E571AC-42D8-4746-A558-29FF2ED279D6}.AppStore|Any CPU.ActiveCfg = Release|Any CPU
		{97E571AC-42D8-4746-A558-29FF2ED279D6}.AppStore|Any CPU.Build.0 = Release|Any CPU
		{97E571AC-42D8-4746-A558-29FF2ED279D6}.AppStore|ARM.ActiveCfg = Release|Any CPU
		{97E571AC-42D8-4746-A558-29FF2ED279D6}.AppStore|ARM.Build.0 = Release|Any CPU
		{97E571AC-42D8-4746-A558-29FF2ED279D6}.AppStore|iPhone.ActiveCfg = Release|Any CPU
		{97E571AC-42D8-4746-A558-29FF2ED279D6}.AppStore|iPhone.Build.0 = Release|Any CPU
		{97E571AC-42D8-4746-A558-29FF2ED279D6}.AppStore|iPhoneSimulator.ActiveCfg = Release|Any CPU
		{97E571AC-42D8-4746-A558-29FF2ED279D6}.AppStore|iPhoneSimulator.Build.0 = Release|Any CPU
		{97E571AC-42D8-4746-A558-29FF2ED279D6}.AppStore|x64.ActiveCfg = Release|Any CPU
		{97E571AC-42D8-4746-A558-29FF2ED279D6}.AppStore|x64.Build.0 = Release|Any CPU
		{97E571AC-42D8-4746-A558-29FF2ED279D6}.AppStore|x86.ActiveCfg = Release|Any CPU
		{97E571AC-42D8-4746-A558-29FF2ED279D6}.AppStore|x86.Build.0 = Release|Any CPU
		{97E571AC-42D8-4746-A558-29FF2ED279D6}.Debug|Any CPU.ActiveCfg = Debug|Any CPU
		{97E571AC-42D8-4746-A558-29FF2ED279D6}.Debug|Any CPU.Build.0 = Debug|Any CPU
		{97E571AC-42D8-4746-A558-29FF2ED279D6}.Debug|ARM.ActiveCfg = Debug|Any CPU
		{97E571AC-42D8-4746-A558-29FF2ED279D6}.Debug|ARM.Build.0 = Debug|Any CPU
		{97E571AC-42D8-4746-A558-29FF2ED279D6}.Debug|iPhone.ActiveCfg = Debug|Any CPU
		{97E571AC-42D8-4746-A558-29FF2ED279D6}.Debug|iPhone.Build.0 = Debug|Any CPU
		{97E571AC-42D8-4746-A558-29FF2ED279D6}.Debug|iPhoneSimulator.ActiveCfg = Debug|Any CPU
		{97E571AC-42D8-4746-A558-29FF2ED279D6}.Debug|iPhoneSimulator.Build.0 = Debug|Any CPU
		{97E571AC-42D8-4746-A558-29FF2ED279D6}.Debug|x64.ActiveCfg = Debug|Any CPU
		{97E571AC-42D8-4746-A558-29FF2ED279D6}.Debug|x64.Build.0 = Debug|Any CPU
		{97E571AC-42D8-4746-A558-29FF2ED279D6}.Debug|x86.ActiveCfg = Debug|Any CPU
		{97E571AC-42D8-4746-A558-29FF2ED279D6}.Debug|x86.Build.0 = Debug|Any CPU
		{97E571AC-42D8-4746-A558-29FF2ED279D6}.Release|Any CPU.ActiveCfg = Release|Any CPU
		{97E571AC-42D8-4746-A558-29FF2ED279D6}.Release|Any CPU.Build.0 = Release|Any CPU
		{97E571AC-42D8-4746-A558-29FF2ED279D6}.Release|ARM.ActiveCfg = Release|Any CPU
		{97E571AC-42D8-4746-A558-29FF2ED279D6}.Release|ARM.Build.0 = Release|Any CPU
		{97E571AC-42D8-4746-A558-29FF2ED279D6}.Release|iPhone.ActiveCfg = Release|Any CPU
		{97E571AC-42D8-4746-A558-29FF2ED279D6}.Release|iPhone.Build.0 = Release|Any CPU
		{97E571AC-42D8-4746-A558-29FF2ED279D6}.Release|iPhoneSimulator.ActiveCfg = Release|Any CPU
		{97E571AC-42D8-4746-A558-29FF2ED279D6}.Release|iPhoneSimulator.Build.0 = Release|Any CPU
		{97E571AC-42D8-4746-A558-29FF2ED279D6}.Release|x64.ActiveCfg = Release|Any CPU
		{97E571AC-42D8-4746-A558-29FF2ED279D6}.Release|x64.Build.0 = Release|Any CPU
		{97E571AC-42D8-4746-A558-29FF2ED279D6}.Release|x86.ActiveCfg = Release|Any CPU
		{97E571AC-42D8-4746-A558-29FF2ED279D6}.Release|x86.Build.0 = Release|Any CPU
		{3C6763BA-286C-4819-AAC9-A18D3BED510B}.Ad-Hoc|Any CPU.ActiveCfg = Ad-Hoc|iPhone
		{3C6763BA-286C-4819-AAC9-A18D3BED510B}.Ad-Hoc|ARM.ActiveCfg = Ad-Hoc|iPhone
		{3C6763BA-286C-4819-AAC9-A18D3BED510B}.Ad-Hoc|iPhone.ActiveCfg = Ad-Hoc|iPhone
		{3C6763BA-286C-4819-AAC9-A18D3BED510B}.Ad-Hoc|iPhone.Build.0 = Ad-Hoc|iPhone
		{3C6763BA-286C-4819-AAC9-A18D3BED510B}.Ad-Hoc|iPhoneSimulator.ActiveCfg = Ad-Hoc|iPhoneSimulator
		{3C6763BA-286C-4819-AAC9-A18D3BED510B}.Ad-Hoc|iPhoneSimulator.Build.0 = Ad-Hoc|iPhoneSimulator
		{3C6763BA-286C-4819-AAC9-A18D3BED510B}.Ad-Hoc|x64.ActiveCfg = Ad-Hoc|iPhone
		{3C6763BA-286C-4819-AAC9-A18D3BED510B}.Ad-Hoc|x86.ActiveCfg = Ad-Hoc|iPhone
		{3C6763BA-286C-4819-AAC9-A18D3BED510B}.AppStore|Any CPU.ActiveCfg = AppStore|iPhone
		{3C6763BA-286C-4819-AAC9-A18D3BED510B}.AppStore|ARM.ActiveCfg = AppStore|iPhone
		{3C6763BA-286C-4819-AAC9-A18D3BED510B}.AppStore|iPhone.ActiveCfg = AppStore|iPhone
		{3C6763BA-286C-4819-AAC9-A18D3BED510B}.AppStore|iPhone.Build.0 = AppStore|iPhone
		{3C6763BA-286C-4819-AAC9-A18D3BED510B}.AppStore|iPhoneSimulator.ActiveCfg = AppStore|iPhoneSimulator
		{3C6763BA-286C-4819-AAC9-A18D3BED510B}.AppStore|iPhoneSimulator.Build.0 = AppStore|iPhoneSimulator
		{3C6763BA-286C-4819-AAC9-A18D3BED510B}.AppStore|x64.ActiveCfg = AppStore|iPhone
		{3C6763BA-286C-4819-AAC9-A18D3BED510B}.AppStore|x86.ActiveCfg = AppStore|iPhone
		{3C6763BA-286C-4819-AAC9-A18D3BED510B}.Debug|Any CPU.ActiveCfg = Debug|iPhone
		{3C6763BA-286C-4819-AAC9-A18D3BED510B}.Debug|ARM.ActiveCfg = Debug|iPhone
		{3C6763BA-286C-4819-AAC9-A18D3BED510B}.Debug|iPhone.ActiveCfg = Debug|iPhone
		{3C6763BA-286C-4819-AAC9-A18D3BED510B}.Debug|iPhone.Build.0 = Debug|iPhone
		{3C6763BA-286C-4819-AAC9-A18D3BED510B}.Debug|iPhoneSimulator.ActiveCfg = Debug|iPhoneSimulator
		{3C6763BA-286C-4819-AAC9-A18D3BED510B}.Debug|iPhoneSimulator.Build.0 = Debug|iPhoneSimulator
		{3C6763BA-286C-4819-AAC9-A18D3BED510B}.Debug|x64.ActiveCfg = Debug|iPhone
		{3C6763BA-286C-4819-AAC9-A18D3BED510B}.Debug|x86.ActiveCfg = Debug|iPhone
		{3C6763BA-286C-4819-AAC9-A18D3BED510B}.Release|Any CPU.ActiveCfg = Release|iPhone
		{3C6763BA-286C-4819-AAC9-A18D3BED510B}.Release|ARM.ActiveCfg = Release|iPhone
		{3C6763BA-286C-4819-AAC9-A18D3BED510B}.Release|iPhone.ActiveCfg = Release|iPhone
		{3C6763BA-286C-4819-AAC9-A18D3BED510B}.Release|iPhone.Build.0 = Release|iPhone
		{3C6763BA-286C-4819-AAC9-A18D3BED510B}.Release|iPhoneSimulator.ActiveCfg = Release|iPhoneSimulator
		{3C6763BA-286C-4819-AAC9-A18D3BED510B}.Release|iPhoneSimulator.Build.0 = Release|iPhoneSimulator
		{3C6763BA-286C-4819-AAC9-A18D3BED510B}.Release|x64.ActiveCfg = Release|iPhone
		{3C6763BA-286C-4819-AAC9-A18D3BED510B}.Release|x86.ActiveCfg = Release|iPhone
	EndGlobalSection
	GlobalSection(SolutionProperties) = preSolution
		HideSolutionNode = FALSE
	EndGlobalSection
	GlobalSection(NestedProjects) = preSolution
		{3F3451FD-3F80-4E58-88D5-16D810D38EE5} = {467D2695-D000-4912-84EA-85711D0F1DC0}
		{A883C204-A141-4A18-AD3B-2B65DE207479} = {467D2695-D000-4912-84EA-85711D0F1DC0}
		{D3645114-4185-4F47-9115-AF455E50564F} = {467D2695-D000-4912-84EA-85711D0F1DC0}
		{D05D1518-3FA6-4EF1-911F-BEC3ABD733FB} = {2A135586-C545-46B3-BF4B-F68D1440E800}
		{97E571AC-42D8-4746-A558-29FF2ED279D6} = {2A135586-C545-46B3-BF4B-F68D1440E800}
		{3C6763BA-286C-4819-AAC9-A18D3BED510B} = {2A135586-C545-46B3-BF4B-F68D1440E800}
	EndGlobalSection
	GlobalSection(ExtensibilityGlobals) = postSolution
		SolutionGuid = {07CE6BA1-739A-41D5-94B0-F8F2AFC39142}
	EndGlobalSection
EndGlobal
